// !$*UTF8*$!
{
	archiveVersion = 1;
	classes = {
	};
	objectVersion = 48;
	objects = {

/* Begin PBXBuildFile section */
		050AF258514FDB9E9010BF42 /* Pods_Smack.framework in Frameworks */ = {isa = PBXBuildFile; fileRef = E9A785BBF1B599E58EA77B1E /* Pods_Smack.framework */; };
		391010E0C319EE5FC981C424 /* Pods_SmackTests.framework in Frameworks */ = {isa = PBXBuildFile; fileRef = 89C8C7785F04352606FC9422 /* Pods_SmackTests.framework */; };
		B2C64AE7206192B4007FEB8F /* AppDelegate.swift in Sources */ = {isa = PBXBuildFile; fileRef = B2C64AE6206192B4007FEB8F /* AppDelegate.swift */; };
		B2C64AEC206192B4007FEB8F /* Main.storyboard in Resources */ = {isa = PBXBuildFile; fileRef = B2C64AEA206192B4007FEB8F /* Main.storyboard */; };
		B2C64AEE206192B4007FEB8F /* Assets.xcassets in Resources */ = {isa = PBXBuildFile; fileRef = B2C64AED206192B4007FEB8F /* Assets.xcassets */; };
		B2C64AF1206192B4007FEB8F /* LaunchScreen.storyboard in Resources */ = {isa = PBXBuildFile; fileRef = B2C64AEF206192B4007FEB8F /* LaunchScreen.storyboard */; };
		B2C64AFC206192B4007FEB8F /* SmackTests.swift in Sources */ = {isa = PBXBuildFile; fileRef = B2C64AFB206192B4007FEB8F /* SmackTests.swift */; };
		B2C769D72069FCCA007BD8E3 /* ChatVC.swift in Sources */ = {isa = PBXBuildFile; fileRef = B2C769D62069FCCA007BD8E3 /* ChatVC.swift */; };
		B2C769D92069FCDB007BD8E3 /* ChannelVC.swift in Sources */ = {isa = PBXBuildFile; fileRef = B2C769D82069FCDB007BD8E3 /* ChannelVC.swift */; };
		B2C769DC206A0222007BD8E3 /* SWRevealViewController.m in Sources */ = {isa = PBXBuildFile; fileRef = B2C769DB206A0222007BD8E3 /* SWRevealViewController.m */; };
		B2C769DF206A089E007BD8E3 /* GradientView.swift in Sources */ = {isa = PBXBuildFile; fileRef = B2C769DE206A089E007BD8E3 /* GradientView.swift */; };
		B2C769E2206A8D25007BD8E3 /* Constants.swift in Sources */ = {isa = PBXBuildFile; fileRef = B2C769E1206A8D25007BD8E3 /* Constants.swift */; };
		B2C769E4206A9843007BD8E3 /* LoginVC.swift in Sources */ = {isa = PBXBuildFile; fileRef = B2C769E3206A9843007BD8E3 /* LoginVC.swift */; };
		B2C769E6206ACBF5007BD8E3 /* CreateAccountVC.swift in Sources */ = {isa = PBXBuildFile; fileRef = B2C769E5206ACBF5007BD8E3 /* CreateAccountVC.swift */; };
/* End PBXBuildFile section */

/* Begin PBXContainerItemProxy section */
		B2C64AF8206192B4007FEB8F /* PBXContainerItemProxy */ = {
			isa = PBXContainerItemProxy;
			containerPortal = B2C64ADB206192B4007FEB8F /* Project object */;
			proxyType = 1;
			remoteGlobalIDString = B2C64AE2206192B4007FEB8F;
			remoteInfo = Smack;
		};
/* End PBXContainerItemProxy section */

/* Begin PBXFileReference section */
		1F6C5F9176FAF7B2ECF2D3EC /* Pods-SmackTests.release.xcconfig */ = {isa = PBXFileReference; includeInIndex = 1; lastKnownFileType = text.xcconfig; name = "Pods-SmackTests.release.xcconfig"; path = "Pods/Target Support Files/Pods-SmackTests/Pods-SmackTests.release.xcconfig"; sourceTree = "<group>"; };
		76B3D65F5C1A2D9F7A9B0305 /* Pods-Smack.release.xcconfig */ = {isa = PBXFileReference; includeInIndex = 1; lastKnownFileType = text.xcconfig; name = "Pods-Smack.release.xcconfig"; path = "Pods/Target Support Files/Pods-Smack/Pods-Smack.release.xcconfig"; sourceTree = "<group>"; };
		89C8C7785F04352606FC9422 /* Pods_SmackTests.framework */ = {isa = PBXFileReference; explicitFileType = wrapper.framework; includeInIndex = 0; path = Pods_SmackTests.framework; sourceTree = BUILT_PRODUCTS_DIR; };
		9A018C9D01F547C128C31E4F /* Pods-SmackTests.debug.xcconfig */ = {isa = PBXFileReference; includeInIndex = 1; lastKnownFileType = text.xcconfig; name = "Pods-SmackTests.debug.xcconfig"; path = "Pods/Target Support Files/Pods-SmackTests/Pods-SmackTests.debug.xcconfig"; sourceTree = "<group>"; };
		B2C64AE3206192B4007FEB8F /* Smack.app */ = {isa = PBXFileReference; explicitFileType = wrapper.application; includeInIndex = 0; path = Smack.app; sourceTree = BUILT_PRODUCTS_DIR; };
		B2C64AE6206192B4007FEB8F /* AppDelegate.swift */ = {isa = PBXFileReference; lastKnownFileType = sourcecode.swift; path = AppDelegate.swift; sourceTree = "<group>"; };
		B2C64AEB206192B4007FEB8F /* Base */ = {isa = PBXFileReference; lastKnownFileType = file.storyboard; name = Base; path = Base.lproj/Main.storyboard; sourceTree = "<group>"; };
		B2C64AED206192B4007FEB8F /* Assets.xcassets */ = {isa = PBXFileReference; lastKnownFileType = folder.assetcatalog; path = Assets.xcassets; sourceTree = "<group>"; };
		B2C64AF0206192B4007FEB8F /* Base */ = {isa = PBXFileReference; lastKnownFileType = file.storyboard; name = Base; path = Base.lproj/LaunchScreen.storyboard; sourceTree = "<group>"; };
		B2C64AF2206192B4007FEB8F /* Info.plist */ = {isa = PBXFileReference; lastKnownFileType = text.plist.xml; path = Info.plist; sourceTree = "<group>"; };
		B2C64AF7206192B4007FEB8F /* SmackTests.xctest */ = {isa = PBXFileReference; explicitFileType = wrapper.cfbundle; includeInIndex = 0; path = SmackTests.xctest; sourceTree = BUILT_PRODUCTS_DIR; };
		B2C64AFB206192B4007FEB8F /* SmackTests.swift */ = {isa = PBXFileReference; lastKnownFileType = sourcecode.swift; path = SmackTests.swift; sourceTree = "<group>"; };
		B2C64AFD206192B4007FEB8F /* Info.plist */ = {isa = PBXFileReference; lastKnownFileType = text.plist.xml; path = Info.plist; sourceTree = "<group>"; };
		B2C769D62069FCCA007BD8E3 /* ChatVC.swift */ = {isa = PBXFileReference; lastKnownFileType = sourcecode.swift; path = ChatVC.swift; sourceTree = "<group>"; };
		B2C769D82069FCDB007BD8E3 /* ChannelVC.swift */ = {isa = PBXFileReference; lastKnownFileType = sourcecode.swift; path = ChannelVC.swift; sourceTree = "<group>"; };
		B2C769DA206A0222007BD8E3 /* SWRevealViewController.h */ = {isa = PBXFileReference; fileEncoding = 4; lastKnownFileType = sourcecode.c.h; path = SWRevealViewController.h; sourceTree = "<group>"; };
		B2C769DB206A0222007BD8E3 /* SWRevealViewController.m */ = {isa = PBXFileReference; fileEncoding = 4; lastKnownFileType = sourcecode.c.objc; path = SWRevealViewController.m; sourceTree = "<group>"; };
		B2C769DD206A02B0007BD8E3 /* Smack-Bridging-Header.h */ = {isa = PBXFileReference; lastKnownFileType = sourcecode.c.h; path = "Smack-Bridging-Header.h"; sourceTree = "<group>"; };
		B2C769DE206A089E007BD8E3 /* GradientView.swift */ = {isa = PBXFileReference; lastKnownFileType = sourcecode.swift; path = GradientView.swift; sourceTree = "<group>"; };
		B2C769E1206A8D25007BD8E3 /* Constants.swift */ = {isa = PBXFileReference; lastKnownFileType = sourcecode.swift; path = Constants.swift; sourceTree = "<group>"; };
		B2C769E3206A9843007BD8E3 /* LoginVC.swift */ = {isa = PBXFileReference; lastKnownFileType = sourcecode.swift; path = LoginVC.swift; sourceTree = "<group>"; };
		B2C769E5206ACBF5007BD8E3 /* CreateAccountVC.swift */ = {isa = PBXFileReference; lastKnownFileType = sourcecode.swift; path = CreateAccountVC.swift; sourceTree = "<group>"; };
		CF2D0C2FEE690EBB54EECB95 /* Pods-Smack.debug.xcconfig */ = {isa = PBXFileReference; includeInIndex = 1; lastKnownFileType = text.xcconfig; name = "Pods-Smack.debug.xcconfig"; path = "Pods/Target Support Files/Pods-Smack/Pods-Smack.debug.xcconfig"; sourceTree = "<group>"; };
		E9A785BBF1B599E58EA77B1E /* Pods_Smack.framework */ = {isa = PBXFileReference; explicitFileType = wrapper.framework; includeInIndex = 0; path = Pods_Smack.framework; sourceTree = BUILT_PRODUCTS_DIR; };
/* End PBXFileReference section */

/* Begin PBXFrameworksBuildPhase section */
		B2C64AE0206192B4007FEB8F /* Frameworks */ = {
			isa = PBXFrameworksBuildPhase;
			buildActionMask = 2147483647;
			files = (
				050AF258514FDB9E9010BF42 /* Pods_Smack.framework in Frameworks */,
			);
			runOnlyForDeploymentPostprocessing = 0;
		};
		B2C64AF4206192B4007FEB8F /* Frameworks */ = {
			isa = PBXFrameworksBuildPhase;
			buildActionMask = 2147483647;
			files = (
				391010E0C319EE5FC981C424 /* Pods_SmackTests.framework in Frameworks */,
			);
			runOnlyForDeploymentPostprocessing = 0;
		};
/* End PBXFrameworksBuildPhase section */

/* Begin PBXGroup section */
		B2BB7871206369C7007FF1C8 /* Supporting Files */ = {
			isa = PBXGroup;
			children = (
				B2C769DA206A0222007BD8E3 /* SWRevealViewController.h */,
				B2C769DB206A0222007BD8E3 /* SWRevealViewController.m */,
				B2C769DD206A02B0007BD8E3 /* Smack-Bridging-Header.h */,
			);
			path = "Supporting Files";
			sourceTree = "<group>";
		};
		B2C64ADA206192B4007FEB8F = {
			isa = PBXGroup;
			children = (
				B2C64AE5206192B4007FEB8F /* Smack */,
				B2C64AFA206192B4007FEB8F /* SmackTests */,
				B2C64AE4206192B4007FEB8F /* Products */,
				F86A41B0EC0D4B68590376CD /* Pods */,
				BFAAA230F2F9BEADD82BE2D8 /* Frameworks */,
			);
			sourceTree = "<group>";
		};
		B2C64AE4206192B4007FEB8F /* Products */ = {
			isa = PBXGroup;
			children = (
				B2C64AE3206192B4007FEB8F /* Smack.app */,
				B2C64AF7206192B4007FEB8F /* SmackTests.xctest */,
			);
			name = Products;
			sourceTree = "<group>";
		};
		B2C64AE5206192B4007FEB8F /* Smack */ = {
			isa = PBXGroup;
			children = (
				B2C769E0206A8D14007BD8E3 /* Utilities */,
				B2C769D32069FC8C007BD8E3 /* Model */,
				B2C769D52069FCA1007BD8E3 /* View */,
				B2C769D42069FC99007BD8E3 /* Controller */,
				B2BB7871206369C7007FF1C8 /* Supporting Files */,
				B2C64AE6206192B4007FEB8F /* AppDelegate.swift */,
				B2C64AEA206192B4007FEB8F /* Main.storyboard */,
				B2C64AED206192B4007FEB8F /* Assets.xcassets */,
				B2C64AEF206192B4007FEB8F /* LaunchScreen.storyboard */,
				B2C64AF2206192B4007FEB8F /* Info.plist */,
			);
			path = Smack;
			sourceTree = "<group>";
		};
		B2C64AFA206192B4007FEB8F /* SmackTests */ = {
			isa = PBXGroup;
			children = (
				B2C64AFB206192B4007FEB8F /* SmackTests.swift */,
				B2C64AFD206192B4007FEB8F /* Info.plist */,
			);
			path = SmackTests;
			sourceTree = "<group>";
		};
		B2C769D32069FC8C007BD8E3 /* Model */ = {
			isa = PBXGroup;
			children = (
			);
			path = Model;
			sourceTree = "<group>";
		};
		B2C769D42069FC99007BD8E3 /* Controller */ = {
			isa = PBXGroup;
			children = (
				B2C769D62069FCCA007BD8E3 /* ChatVC.swift */,
				B2C769D82069FCDB007BD8E3 /* ChannelVC.swift */,
				B2C769E3206A9843007BD8E3 /* LoginVC.swift */,
				B2C769E5206ACBF5007BD8E3 /* CreateAccountVC.swift */,
			);
			path = Controller;
			sourceTree = "<group>";
		};
		B2C769D52069FCA1007BD8E3 /* View */ = {
			isa = PBXGroup;
			children = (
				B2C769DE206A089E007BD8E3 /* GradientView.swift */,
			);
			path = View;
			sourceTree = "<group>";
		};
		B2C769E0206A8D14007BD8E3 /* Utilities */ = {
			isa = PBXGroup;
			children = (
				B2C769E1206A8D25007BD8E3 /* Constants.swift */,
			);
			path = Utilities;
			sourceTree = "<group>";
		};
		BFAAA230F2F9BEADD82BE2D8 /* Frameworks */ = {
			isa = PBXGroup;
			children = (
				E9A785BBF1B599E58EA77B1E /* Pods_Smack.framework */,
				89C8C7785F04352606FC9422 /* Pods_SmackTests.framework */,
			);
			name = Frameworks;
			sourceTree = "<group>";
		};
		F86A41B0EC0D4B68590376CD /* Pods */ = {
			isa = PBXGroup;
			children = (
				CF2D0C2FEE690EBB54EECB95 /* Pods-Smack.debug.xcconfig */,
				76B3D65F5C1A2D9F7A9B0305 /* Pods-Smack.release.xcconfig */,
				9A018C9D01F547C128C31E4F /* Pods-SmackTests.debug.xcconfig */,
				1F6C5F9176FAF7B2ECF2D3EC /* Pods-SmackTests.release.xcconfig */,
			);
			name = Pods;
			sourceTree = "<group>";
		};
/* End PBXGroup section */

/* Begin PBXNativeTarget section */
		B2C64AE2206192B4007FEB8F /* Smack */ = {
			isa = PBXNativeTarget;
			buildConfigurationList = B2C64B00206192B4007FEB8F /* Build configuration list for PBXNativeTarget "Smack" */;
			buildPhases = (
				DF6E92871A4B3BA548FB9DBD /* [CP] Check Pods Manifest.lock */,
				B2C64ADF206192B4007FEB8F /* Sources */,
				B2C64AE0206192B4007FEB8F /* Frameworks */,
				B2C64AE1206192B4007FEB8F /* Resources */,
				C4ACE01F192F3E2AC55AC649 /* [CP] Embed Pods Frameworks */,
				59AFE22095F4A1E651CE5032 /* [CP] Copy Pods Resources */,
			);
			buildRules = (
			);
			dependencies = (
			);
			name = Smack;
			productName = Smack;
			productReference = B2C64AE3206192B4007FEB8F /* Smack.app */;
			productType = "com.apple.product-type.application";
		};
		B2C64AF6206192B4007FEB8F /* SmackTests */ = {
			isa = PBXNativeTarget;
			buildConfigurationList = B2C64B03206192B4007FEB8F /* Build configuration list for PBXNativeTarget "SmackTests" */;
			buildPhases = (
				8B888216841682981C5982AD /* [CP] Check Pods Manifest.lock */,
				B2C64AF3206192B4007FEB8F /* Sources */,
				B2C64AF4206192B4007FEB8F /* Frameworks */,
				B2C64AF5206192B4007FEB8F /* Resources */,
				7C3974036C98F5682E0E9AEA /* [CP] Embed Pods Frameworks */,
				75B5EFDA74AFCB013D05DD96 /* [CP] Copy Pods Resources */,
			);
			buildRules = (
			);
			dependencies = (
				B2C64AF9206192B4007FEB8F /* PBXTargetDependency */,
			);
			name = SmackTests;
			productName = SmackTests;
			productReference = B2C64AF7206192B4007FEB8F /* SmackTests.xctest */;
			productType = "com.apple.product-type.bundle.unit-test";
		};
/* End PBXNativeTarget section */

/* Begin PBXProject section */
		B2C64ADB206192B4007FEB8F /* Project object */ = {
			isa = PBXProject;
			attributes = {
				LastSwiftUpdateCheck = 0920;
				LastUpgradeCheck = 0920;
				ORGANIZATIONNAME = "Leo Espinal";
				TargetAttributes = {
					B2C64AE2206192B4007FEB8F = {
						CreatedOnToolsVersion = 9.2;
						LastSwiftMigration = 0920;
						ProvisioningStyle = Automatic;
					};
					B2C64AF6206192B4007FEB8F = {
						CreatedOnToolsVersion = 9.2;
						ProvisioningStyle = Automatic;
						TestTargetID = B2C64AE2206192B4007FEB8F;
					};
				};
			};
			buildConfigurationList = B2C64ADE206192B4007FEB8F /* Build configuration list for PBXProject "Smack" */;
			compatibilityVersion = "Xcode 8.0";
			developmentRegion = en;
			hasScannedForEncodings = 0;
			knownRegions = (
				en,
				Base,
			);
			mainGroup = B2C64ADA206192B4007FEB8F;
			productRefGroup = B2C64AE4206192B4007FEB8F /* Products */;
			projectDirPath = "";
			projectRoot = "";
			targets = (
				B2C64AE2206192B4007FEB8F /* Smack */,
				B2C64AF6206192B4007FEB8F /* SmackTests */,
			);
		};
/* End PBXProject section */

/* Begin PBXResourcesBuildPhase section */
		B2C64AE1206192B4007FEB8F /* Resources */ = {
			isa = PBXResourcesBuildPhase;
			buildActionMask = 2147483647;
			files = (
				B2C64AF1206192B4007FEB8F /* LaunchScreen.storyboard in Resources */,
				B2C64AEE206192B4007FEB8F /* Assets.xcassets in Resources */,
				B2C64AEC206192B4007FEB8F /* Main.storyboard in Resources */,
			);
			runOnlyForDeploymentPostprocessing = 0;
		};
		B2C64AF5206192B4007FEB8F /* Resources */ = {
			isa = PBXResourcesBuildPhase;
			buildActionMask = 2147483647;
			files = (
			);
			runOnlyForDeploymentPostprocessing = 0;
		};
/* End PBXResourcesBuildPhase section */

/* Begin PBXShellScriptBuildPhase section */
		59AFE22095F4A1E651CE5032 /* [CP] Copy Pods Resources */ = {
			isa = PBXShellScriptBuildPhase;
			buildActionMask = 2147483647;
			files = (
			);
			inputPaths = (
			);
			name = "[CP] Copy Pods Resources";
			outputPaths = (
			);
			runOnlyForDeploymentPostprocessing = 0;
			shellPath = /bin/sh;
			shellScript = "\"${SRCROOT}/Pods/Target Support Files/Pods-Smack/Pods-Smack-resources.sh\"\n";
			showEnvVarsInLog = 0;
		};
		75B5EFDA74AFCB013D05DD96 /* [CP] Copy Pods Resources */ = {
			isa = PBXShellScriptBuildPhase;
			buildActionMask = 2147483647;
			files = (
			);
			inputPaths = (
			);
			name = "[CP] Copy Pods Resources";
			outputPaths = (
			);
			runOnlyForDeploymentPostprocessing = 0;
			shellPath = /bin/sh;
			shellScript = "\"${SRCROOT}/Pods/Target Support Files/Pods-SmackTests/Pods-SmackTests-resources.sh\"\n";
			showEnvVarsInLog = 0;
		};
		7C3974036C98F5682E0E9AEA /* [CP] Embed Pods Frameworks */ = {
			isa = PBXShellScriptBuildPhase;
			buildActionMask = 2147483647;
			files = (
			);
			inputPaths = (
			);
			name = "[CP] Embed Pods Frameworks";
			outputPaths = (
			);
			runOnlyForDeploymentPostprocessing = 0;
			shellPath = /bin/sh;
			shellScript = "\"${SRCROOT}/Pods/Target Support Files/Pods-SmackTests/Pods-SmackTests-frameworks.sh\"\n";
			showEnvVarsInLog = 0;
		};
		8B888216841682981C5982AD /* [CP] Check Pods Manifest.lock */ = {
			isa = PBXShellScriptBuildPhase;
			buildActionMask = 2147483647;
			files = (
			);
			inputPaths = (
				"${PODS_PODFILE_DIR_PATH}/Podfile.lock",
				"${PODS_ROOT}/Manifest.lock",
			);
			name = "[CP] Check Pods Manifest.lock";
			outputPaths = (
				"$(DERIVED_FILE_DIR)/Pods-SmackTests-checkManifestLockResult.txt",
			);
			runOnlyForDeploymentPostprocessing = 0;
			shellPath = /bin/sh;
			shellScript = "diff \"${PODS_PODFILE_DIR_PATH}/Podfile.lock\" \"${PODS_ROOT}/Manifest.lock\" > /dev/null\nif [ $? != 0 ] ; then\n    # print error to STDERR\n    echo \"error: The sandbox is not in sync with the Podfile.lock. Run 'pod install' or update your CocoaPods installation.\" >&2\n    exit 1\nfi\n# This output is used by Xcode 'outputs' to avoid re-running this script phase.\necho \"SUCCESS\" > \"${SCRIPT_OUTPUT_FILE_0}\"\n";
			showEnvVarsInLog = 0;
		};
		C4ACE01F192F3E2AC55AC649 /* [CP] Embed Pods Frameworks */ = {
			isa = PBXShellScriptBuildPhase;
			buildActionMask = 2147483647;
			files = (
			);
			inputPaths = (
				"${SRCROOT}/Pods/Target Support Files/Pods-Smack/Pods-Smack-frameworks.sh",
				"${BUILT_PRODUCTS_DIR}/Alamofire/Alamofire.framework",
				"${BUILT_PRODUCTS_DIR}/Socket.IO-Client-Swift/SocketIO.framework",
				"${BUILT_PRODUCTS_DIR}/Starscream/Starscream.framework",
				"${BUILT_PRODUCTS_DIR}/SwiftyJSON/SwiftyJSON.framework",
			);
			name = "[CP] Embed Pods Frameworks";
			outputPaths = (
				"${TARGET_BUILD_DIR}/${FRAMEWORKS_FOLDER_PATH}/Alamofire.framework",
				"${TARGET_BUILD_DIR}/${FRAMEWORKS_FOLDER_PATH}/SocketIO.framework",
				"${TARGET_BUILD_DIR}/${FRAMEWORKS_FOLDER_PATH}/Starscream.framework",
				"${TARGET_BUILD_DIR}/${FRAMEWORKS_FOLDER_PATH}/SwiftyJSON.framework",
			);
			runOnlyForDeploymentPostprocessing = 0;
			shellPath = /bin/sh;
			shellScript = "\"${SRCROOT}/Pods/Target Support Files/Pods-Smack/Pods-Smack-frameworks.sh\"\n";
			showEnvVarsInLog = 0;
		};
		DF6E92871A4B3BA548FB9DBD /* [CP] Check Pods Manifest.lock */ = {
			isa = PBXShellScriptBuildPhase;
			buildActionMask = 2147483647;
			files = (
			);
			inputPaths = (
				"${PODS_PODFILE_DIR_PATH}/Podfile.lock",
				"${PODS_ROOT}/Manifest.lock",
			);
			name = "[CP] Check Pods Manifest.lock";
			outputPaths = (
				"$(DERIVED_FILE_DIR)/Pods-Smack-checkManifestLockResult.txt",
			);
			runOnlyForDeploymentPostprocessing = 0;
			shellPath = /bin/sh;
			shellScript = "diff \"${PODS_PODFILE_DIR_PATH}/Podfile.lock\" \"${PODS_ROOT}/Manifest.lock\" > /dev/null\nif [ $? != 0 ] ; then\n    # print error to STDERR\n    echo \"error: The sandbox is not in sync with the Podfile.lock. Run 'pod install' or update your CocoaPods installation.\" >&2\n    exit 1\nfi\n# This output is used by Xcode 'outputs' to avoid re-running this script phase.\necho \"SUCCESS\" > \"${SCRIPT_OUTPUT_FILE_0}\"\n";
			showEnvVarsInLog = 0;
		};
/* End PBXShellScriptBuildPhase section */

/* Begin PBXSourcesBuildPhase section */
		B2C64ADF206192B4007FEB8F /* Sources */ = {
			isa = PBXSourcesBuildPhase;
			buildActionMask = 2147483647;
			files = (
				B2C769D92069FCDB007BD8E3 /* ChannelVC.swift in Sources */,
				B2C769D72069FCCA007BD8E3 /* ChatVC.swift in Sources */,
				B2C769E6206ACBF5007BD8E3 /* CreateAccountVC.swift in Sources */,
				B2C769E4206A9843007BD8E3 /* LoginVC.swift in Sources */,
				B2C769DF206A089E007BD8E3 /* GradientView.swift in Sources */,
				B2C64AE7206192B4007FEB8F /* AppDelegate.swift in Sources */,
				B2C769DC206A0222007BD8E3 /* SWRevealViewController.m in Sources */,
				B2C769E2206A8D25007BD8E3 /* Constants.swift in Sources */,
			);
			runOnlyForDeploymentPostprocessing = 0;
		};
		B2C64AF3206192B4007FEB8F /* Sources */ = {
			isa = PBXSourcesBuildPhase;
			buildActionMask = 2147483647;
			files = (
				B2C64AFC206192B4007FEB8F /* SmackTests.swift in Sources */,
			);
			runOnlyForDeploymentPostprocessing = 0;
		};
/* End PBXSourcesBuildPhase section */

/* Begin PBXTargetDependency section */
		B2C64AF9206192B4007FEB8F /* PBXTargetDependency */ = {
			isa = PBXTargetDependency;
			target = B2C64AE2206192B4007FEB8F /* Smack */;
			targetProxy = B2C64AF8206192B4007FEB8F /* PBXContainerItemProxy */;
		};
/* End PBXTargetDependency section */

/* Begin PBXVariantGroup section */
		B2C64AEA206192B4007FEB8F /* Main.storyboard */ = {
			isa = PBXVariantGroup;
			children = (
				B2C64AEB206192B4007FEB8F /* Base */,
			);
			name = Main.storyboard;
			sourceTree = "<group>";
		};
		B2C64AEF206192B4007FEB8F /* LaunchScreen.storyboard */ = {
			isa = PBXVariantGroup;
			children = (
				B2C64AF0206192B4007FEB8F /* Base */,
			);
			name = LaunchScreen.storyboard;
			sourceTree = "<group>";
		};
/* End PBXVariantGroup section */

/* Begin XCBuildConfiguration section */
		B2C64AFE206192B4007FEB8F /* Debug */ = {
			isa = XCBuildConfiguration;
			buildSettings = {
				ALWAYS_SEARCH_USER_PATHS = NO;
				CLANG_ANALYZER_NONNULL = YES;
				CLANG_ANALYZER_NUMBER_OBJECT_CONVERSION = YES_AGGRESSIVE;
				CLANG_CXX_LANGUAGE_STANDARD = "gnu++14";
				CLANG_CXX_LIBRARY = "libc++";
				CLANG_ENABLE_MODULES = YES;
				CLANG_ENABLE_OBJC_ARC = YES;
				CLANG_WARN_BLOCK_CAPTURE_AUTORELEASING = YES;
				CLANG_WARN_BOOL_CONVERSION = YES;
				CLANG_WARN_COMMA = YES;
				CLANG_WARN_CONSTANT_CONVERSION = YES;
				CLANG_WARN_DIRECT_OBJC_ISA_USAGE = YES_ERROR;
				CLANG_WARN_DOCUMENTATION_COMMENTS = YES;
				CLANG_WARN_EMPTY_BODY = YES;
				CLANG_WARN_ENUM_CONVERSION = YES;
				CLANG_WARN_INFINITE_RECURSION = YES;
				CLANG_WARN_INT_CONVERSION = YES;
				CLANG_WARN_NON_LITERAL_NULL_CONVERSION = YES;
				CLANG_WARN_OBJC_LITERAL_CONVERSION = YES;
				CLANG_WARN_OBJC_ROOT_CLASS = YES_ERROR;
				CLANG_WARN_RANGE_LOOP_ANALYSIS = YES;
				CLANG_WARN_STRICT_PROTOTYPES = YES;
				CLANG_WARN_SUSPICIOUS_MOVE = YES;
				CLANG_WARN_UNGUARDED_AVAILABILITY = YES_AGGRESSIVE;
				CLANG_WARN_UNREACHABLE_CODE = YES;
				CLANG_WARN__DUPLICATE_METHOD_MATCH = YES;
				CODE_SIGN_IDENTITY = "iPhone Developer";
				COPY_PHASE_STRIP = NO;
				DEBUG_INFORMATION_FORMAT = dwarf;
				ENABLE_STRICT_OBJC_MSGSEND = YES;
				ENABLE_TESTABILITY = YES;
				GCC_C_LANGUAGE_STANDARD = gnu11;
				GCC_DYNAMIC_NO_PIC = NO;
				GCC_NO_COMMON_BLOCKS = YES;
				GCC_OPTIMIZATION_LEVEL = 0;
				GCC_PREPROCESSOR_DEFINITIONS = (
					"DEBUG=1",
					"$(inherited)",
				);
				GCC_WARN_64_TO_32_BIT_CONVERSION = YES;
				GCC_WARN_ABOUT_RETURN_TYPE = YES_ERROR;
				GCC_WARN_UNDECLARED_SELECTOR = YES;
				GCC_WARN_UNINITIALIZED_AUTOS = YES_AGGRESSIVE;
				GCC_WARN_UNUSED_FUNCTION = YES;
				GCC_WARN_UNUSED_VARIABLE = YES;
				IPHONEOS_DEPLOYMENT_TARGET = 11.2;
				MTL_ENABLE_DEBUG_INFO = YES;
				ONLY_ACTIVE_ARCH = YES;
				SDKROOT = iphoneos;
				SWIFT_ACTIVE_COMPILATION_CONDITIONS = DEBUG;
				SWIFT_OPTIMIZATION_LEVEL = "-Onone";
			};
			name = Debug;
		};
		B2C64AFF206192B4007FEB8F /* Release */ = {
			isa = XCBuildConfiguration;
			buildSettings = {
				ALWAYS_SEARCH_USER_PATHS = NO;
				CLANG_ANALYZER_NONNULL = YES;
				CLANG_ANALYZER_NUMBER_OBJECT_CONVERSION = YES_AGGRESSIVE;
				CLANG_CXX_LANGUAGE_STANDARD = "gnu++14";
				CLANG_CXX_LIBRARY = "libc++";
				CLANG_ENABLE_MODULES = YES;
				CLANG_ENABLE_OBJC_ARC = YES;
				CLANG_WARN_BLOCK_CAPTURE_AUTORELEASING = YES;
				CLANG_WARN_BOOL_CONVERSION = YES;
				CLANG_WARN_COMMA = YES;
				CLANG_WARN_CONSTANT_CONVERSION = YES;
				CLANG_WARN_DIRECT_OBJC_ISA_USAGE = YES_ERROR;
				CLANG_WARN_DOCUMENTATION_COMMENTS = YES;
				CLANG_WARN_EMPTY_BODY = YES;
				CLANG_WARN_ENUM_CONVERSION = YES;
				CLANG_WARN_INFINITE_RECURSION = YES;
				CLANG_WARN_INT_CONVERSION = YES;
				CLANG_WARN_NON_LITERAL_NULL_CONVERSION = YES;
				CLANG_WARN_OBJC_LITERAL_CONVERSION = YES;
				CLANG_WARN_OBJC_ROOT_CLASS = YES_ERROR;
				CLANG_WARN_RANGE_LOOP_ANALYSIS = YES;
				CLANG_WARN_STRICT_PROTOTYPES = YES;
				CLANG_WARN_SUSPICIOUS_MOVE = YES;
				CLANG_WARN_UNGUARDED_AVAILABILITY = YES_AGGRESSIVE;
				CLANG_WARN_UNREACHABLE_CODE = YES;
				CLANG_WARN__DUPLICATE_METHOD_MATCH = YES;
				CODE_SIGN_IDENTITY = "iPhone Developer";
				COPY_PHASE_STRIP = NO;
				DEBUG_INFORMATION_FORMAT = "dwarf-with-dsym";
				ENABLE_NS_ASSERTIONS = NO;
				ENABLE_STRICT_OBJC_MSGSEND = YES;
				GCC_C_LANGUAGE_STANDARD = gnu11;
				GCC_NO_COMMON_BLOCKS = YES;
				GCC_WARN_64_TO_32_BIT_CONVERSION = YES;
				GCC_WARN_ABOUT_RETURN_TYPE = YES_ERROR;
				GCC_WARN_UNDECLARED_SELECTOR = YES;
				GCC_WARN_UNINITIALIZED_AUTOS = YES_AGGRESSIVE;
				GCC_WARN_UNUSED_FUNCTION = YES;
				GCC_WARN_UNUSED_VARIABLE = YES;
				IPHONEOS_DEPLOYMENT_TARGET = 11.2;
				MTL_ENABLE_DEBUG_INFO = NO;
				SDKROOT = iphoneos;
				SWIFT_OPTIMIZATION_LEVEL = "-Owholemodule";
				VALIDATE_PRODUCT = YES;
			};
			name = Release;
		};
		B2C64B01206192B4007FEB8F /* Debug */ = {
			isa = XCBuildConfiguration;
			baseConfigurationReference = CF2D0C2FEE690EBB54EECB95 /* Pods-Smack.debug.xcconfig */;
			buildSettings = {
				ASSETCATALOG_COMPILER_APPICON_NAME = AppIcon;
				CLANG_ENABLE_MODULES = YES;
				CODE_SIGN_STYLE = Automatic;
				DEVELOPMENT_TEAM = S2W97NUM9L;
				INFOPLIST_FILE = Smack/Info.plist;
				LD_RUNPATH_SEARCH_PATHS = "$(inherited) @executable_path/Frameworks";
				PRODUCT_BUNDLE_IDENTIFIER = com.leoespinal.Smack;
				PRODUCT_NAME = "$(TARGET_NAME)";
				SWIFT_OBJC_BRIDGING_HEADER = "Smack/Supporting Files/Smack-Bridging-Header.h";
				SWIFT_OPTIMIZATION_LEVEL = "-Onone";
				SWIFT_VERSION = 4.0;
				TARGETED_DEVICE_FAMILY = "1,2";
			};
			name = Debug;
		};
		B2C64B02206192B4007FEB8F /* Release */ = {
			isa = XCBuildConfiguration;
			baseConfigurationReference = 76B3D65F5C1A2D9F7A9B0305 /* Pods-Smack.release.xcconfig */;
			buildSettings = {
				ASSETCATALOG_COMPILER_APPICON_NAME = AppIcon;
				CLANG_ENABLE_MODULES = YES;
				CODE_SIGN_STYLE = Automatic;
				DEVELOPMENT_TEAM = S2W97NUM9L;
				INFOPLIST_FILE = Smack/Info.plist;
				LD_RUNPATH_SEARCH_PATHS = "$(inherited) @executable_path/Frameworks";
				PRODUCT_BUNDLE_IDENTIFIER = com.leoespinal.Smack;
				PRODUCT_NAME = "$(TARGET_NAME)";
				SWIFT_OBJC_BRIDGING_HEADER = "Smack/Supporting Files/Smack-Bridging-Header.h";
				SWIFT_VERSION = 4.0;
				TARGETED_DEVICE_FAMILY = "1,2";
			};
			name = Release;
		};
		B2C64B04206192B4007FEB8F /* Debug */ = {
			isa = XCBuildConfiguration;
			baseConfigurationReference = 9A018C9D01F547C128C31E4F /* Pods-SmackTests.debug.xcconfig */;
			buildSettings = {
				ALWAYS_EMBED_SWIFT_STANDARD_LIBRARIES = YES;
				BUNDLE_LOADER = "$(TEST_HOST)";
				CODE_SIGN_STYLE = Automatic;
				DEVELOPMENT_TEAM = S2W97NUM9L;
				INFOPLIST_FILE = SmackTests/Info.plist;
				LD_RUNPATH_SEARCH_PATHS = "$(inherited) @executable_path/Frameworks @loader_path/Frameworks";
				PRODUCT_BUNDLE_IDENTIFIER = com.leoespinal.SmackTests;
				PRODUCT_NAME = "$(TARGET_NAME)";
				SWIFT_VERSION = 4.0;
				TARGETED_DEVICE_FAMILY = "1,2";
				TEST_HOST = "$(BUILT_PRODUCTS_DIR)/Smack.app/Smack";
			};
			name = Debug;
		};
		B2C64B05206192B4007FEB8F /* Release */ = {
			isa = XCBuildConfiguration;
			baseConfigurationReference = 1F6C5F9176FAF7B2ECF2D3EC /* Pods-SmackTests.release.xcconfig */;
			buildSettings = {
				ALWAYS_EMBED_SWIFT_STANDARD_LIBRARIES = YES;
				BUNDLE_LOADER = "$(TEST_HOST)";
				CODE_SIGN_STYLE = Automatic;
				DEVELOPMENT_TEAM = S2W97NUM9L;
				INFOPLIST_FILE = SmackTests/Info.plist;
				LD_RUNPATH_SEARCH_PATHS = "$(inherited) @executable_path/Frameworks @loader_path/Frameworks";
				PRODUCT_BUNDLE_IDENTIFIER = com.leoespinal.SmackTests;
				PRODUCT_NAME = "$(TARGET_NAME)";
				SWIFT_VERSION = 4.0;
				TARGETED_DEVICE_FAMILY = "1,2";
				TEST_HOST = "$(BUILT_PRODUCTS_DIR)/Smack.app/Smack";
			};
			name = Release;
		};
/* End XCBuildConfiguration section */

/* Begin XCConfigurationList section */
		B2C64ADE206192B4007FEB8F /* Build configuration list for PBXProject "Smack" */ = {
			isa = XCConfigurationList;
			buildConfigurations = (
				B2C64AFE206192B4007FEB8F /* Debug */,
				B2C64AFF206192B4007FEB8F /* Release */,
			);
			defaultConfigurationIsVisible = 0;
			defaultConfigurationName = Release;
		};
		B2C64B00206192B4007FEB8F /* Build configuration list for PBXNativeTarget "Smack" */ = {
			isa = XCConfigurationList;
			buildConfigurations = (
				B2C64B01206192B4007FEB8F /* Debug */,
				B2C64B02206192B4007FEB8F /* Release */,
			);
			defaultConfigurationIsVisible = 0;
			defaultConfigurationName = Release;
		};
		B2C64B03206192B4007FEB8F /* Build configuration list for PBXNativeTarget "SmackTests" */ = {
			isa = XCConfigurationList;
			buildConfigurations = (
				B2C64B04206192B4007FEB8F /* Debug */,
				B2C64B05206192B4007FEB8F /* Release */,
			);
			defaultConfigurationIsVisible = 0;
			defaultConfigurationName = Release;
		};
/* End XCConfigurationList section */
	};
	rootObject = B2C64ADB206192B4007FEB8F /* Project object */;
}
